// !$*UTF8*$!
{
	archiveVersion = 1;
	classes = {
	};
	objectVersion = 46;
	objects = {

/* Begin PBXBuildFile section */
		E0012C74285A186F005972E6 /* Metal.framework in Frameworks */ = {isa = PBXBuildFile; fileRef = E0012C73285A186F005972E6 /* Metal.framework */; };
		E0012C76285A1875005972E6 /* QuartzCore.framework in Frameworks */ = {isa = PBXBuildFile; fileRef = E0012C75285A1875005972E6 /* QuartzCore.framework */; };
		E008C08E2AC6558500AB94E4 /* ARFPPiPL.r in Rez */ = {isa = PBXBuildFile; fileRef = E008C08D2AC6558500AB94E4 /* ARFPPiPL.r */; };
		E008C0902AC6558900AB94E4 /* MFR.mm in Sources */ = {isa = PBXBuildFile; fileRef = E008C08F2AC6558900AB94E4 /* MFR.mm */; };
		E008C0982AC6563200AB94E4 /* Cocoa.framework in Frameworks */ = {isa = PBXBuildFile; fileRef = E008C0972AC6563200AB94E4 /* Cocoa.framework */; };
		E049B3E82AC65BDC007E4F98 /* Flip.metallib in Resources */ = {isa = PBXBuildFile; fileRef = E049B3E62AC65BDC007E4F98 /* Flip.metallib */; };
		E049B3E92AC65BDC007E4F98 /* Invert.metallib in Resources */ = {isa = PBXBuildFile; fileRef = E049B3E72AC65BDC007E4F98 /* Invert.metallib */; };
/* End PBXBuildFile section */

/* Begin PBXFileReference section */
		C4E618CC095A3CE80012CA3F /* MFR.plugin */ = {isa = PBXFileReference; explicitFileType = wrapper.cfbundle; includeInIndex = 0; path = MFR.plugin; sourceTree = BUILT_PRODUCTS_DIR; };
		E0012C73285A186F005972E6 /* Metal.framework */ = {isa = PBXFileReference; lastKnownFileType = wrapper.framework; name = Metal.framework; path = System/Library/Frameworks/Metal.framework; sourceTree = SDKROOT; };
		E0012C75285A1875005972E6 /* QuartzCore.framework */ = {isa = PBXFileReference; lastKnownFileType = wrapper.framework; name = QuartzCore.framework; path = System/Library/Frameworks/QuartzCore.framework; sourceTree = SDKROOT; };
		E008C08D2AC6558500AB94E4 /* ARFPPiPL.r */ = {isa = PBXFileReference; fileEncoding = 4; lastKnownFileType = sourcecode.rez; path = ARFPPiPL.r; sourceTree = "<group>"; };
		E008C08F2AC6558900AB94E4 /* MFR.mm */ = {isa = PBXFileReference; fileEncoding = 4; lastKnownFileType = sourcecode.cpp.objcpp; path = MFR.mm; sourceTree = "<group>"; };
		E008C0972AC6563200AB94E4 /* Cocoa.framework */ = {isa = PBXFileReference; lastKnownFileType = wrapper.framework; name = Cocoa.framework; path = System/Library/Frameworks/Cocoa.framework; sourceTree = SDKROOT; };
		E049B3E62AC65BDC007E4F98 /* Flip.metallib */ = {isa = PBXFileReference; lastKnownFileType = "archive.metal-library"; path = Flip.metallib; sourceTree = "<group>"; };
		E049B3E72AC65BDC007E4F98 /* Invert.metallib */ = {isa = PBXFileReference; lastKnownFileType = "archive.metal-library"; path = Invert.metallib; sourceTree = "<group>"; };
/* End PBXFileReference section */

/* Begin PBXFrameworksBuildPhase section */
		C4E618CA095A3CE80012CA3F /* Frameworks */ = {
			isa = PBXFrameworksBuildPhase;
			buildActionMask = 2147483647;
			files = (
				E0012C74285A186F005972E6 /* Metal.framework in Frameworks */,
				E0012C76285A1875005972E6 /* QuartzCore.framework in Frameworks */,
				E008C0982AC6563200AB94E4 /* Cocoa.framework in Frameworks */,
			);
			runOnlyForDeploymentPostprocessing = 0;
		};
/* End PBXFrameworksBuildPhase section */

/* Begin PBXGroup section */
		C4E6187C095A3C800012CA3F = {
			isa = PBXGroup;
			children = (
				E008C08F2AC6558900AB94E4 /* MFR.mm */,
				E008C08D2AC6558500AB94E4 /* ARFPPiPL.r */,
				E049B3E52AC65BDC007E4F98 /* shaders */,
				C4E6188C095A3C800012CA3F /* Products */,
				E0012C72285A186F005972E6 /* Frameworks */,
			);
			sourceTree = "<group>";
		};
		C4E6188C095A3C800012CA3F /* Products */ = {
			isa = PBXGroup;
			children = (
				C4E618CC095A3CE80012CA3F /* MFR.plugin */,
			);
			name = Products;
			sourceTree = SOURCE_ROOT;
		};
		E0012C72285A186F005972E6 /* Frameworks */ = {
			isa = PBXGroup;
			children = (
				E008C0972AC6563200AB94E4 /* Cocoa.framework */,
				E0012C75285A1875005972E6 /* QuartzCore.framework */,
				E0012C73285A186F005972E6 /* Metal.framework */,
			);
			name = Frameworks;
			sourceTree = "<group>";
		};
		E049B3E52AC65BDC007E4F98 /* shaders */ = {
			isa = PBXGroup;
			children = (
				E049B3E62AC65BDC007E4F98 /* Flip.metallib */,
				E049B3E72AC65BDC007E4F98 /* Invert.metallib */,
			);
			path = shaders;
			sourceTree = "<group>";
		};
/* End PBXGroup section */

/* Begin PBXNativeTarget section */
		C4E618CB095A3CE80012CA3F /* MFR */ = {
			isa = PBXNativeTarget;
			buildConfigurationList = C4E618CE095A3CE90012CA3F /* Build configuration list for PBXNativeTarget "MFR" */;
			buildPhases = (
				C4E618C8095A3CE80012CA3F /* Resources */,
				C4E618C9095A3CE80012CA3F /* Sources */,
				C4E618CA095A3CE80012CA3F /* Frameworks */,
				C4E618EA095A3E040012CA3F /* Rez */,
			);
			buildRules = (
			);
			dependencies = (
			);
			name = MFR;
			productName = Checkout.plugin;
			productReference = C4E618CC095A3CE80012CA3F /* MFR.plugin */;
			productType = "com.apple.product-type.bundle";
		};
/* End PBXNativeTarget section */

/* Begin PBXProject section */
		C4E6187E095A3C800012CA3F /* Project object */ = {
			isa = PBXProject;
			attributes = {
				LastUpgradeCheck = 0720;
				TargetAttributes = {
					C4E618CB095A3CE80012CA3F = {
						DevelopmentTeam = 8J2F7A485D;
						ProvisioningStyle = Manual;
					};
				};
			};
			buildConfigurationList = C4E6187F095A3C800012CA3F /* Build configuration list for PBXProject "MFR" */;
			compatibilityVersion = "Xcode 3.2";
			developmentRegion = English;
			hasScannedForEncodings = 0;
			knownRegions = (
				English,
				Japanese,
				French,
				German,
			);
			mainGroup = C4E6187C095A3C800012CA3F;
			productRefGroup = C4E6188C095A3C800012CA3F /* Products */;
			projectDirPath = "";
			projectRoot = "";
			targets = (
				C4E618CB095A3CE80012CA3F /* MFR */,
			);
		};
/* End PBXProject section */

/* Begin PBXResourcesBuildPhase section */
		C4E618C8095A3CE80012CA3F /* Resources */ = {
			isa = PBXResourcesBuildPhase;
			buildActionMask = 2147483647;
			files = (
				E049B3E82AC65BDC007E4F98 /* Flip.metallib in Resources */,
				E049B3E92AC65BDC007E4F98 /* Invert.metallib in Resources */,
			);
			runOnlyForDeploymentPostprocessing = 0;
		};
/* End PBXResourcesBuildPhase section */

/* Begin PBXRezBuildPhase section */
		C4E618EA095A3E040012CA3F /* Rez */ = {
			isa = PBXRezBuildPhase;
			buildActionMask = 2147483647;
			files = (
				E008C08E2AC6558500AB94E4 /* ARFPPiPL.r in Rez */,
			);
			runOnlyForDeploymentPostprocessing = 0;
		};
/* End PBXRezBuildPhase section */

/* Begin PBXSourcesBuildPhase section */
		C4E618C9095A3CE80012CA3F /* Sources */ = {
			isa = PBXSourcesBuildPhase;
			buildActionMask = 2147483647;
			files = (
				E008C0902AC6558900AB94E4 /* MFR.mm in Sources */,
			);
			runOnlyForDeploymentPostprocessing = 0;
		};
/* End PBXSourcesBuildPhase section */

/* Begin XCBuildConfiguration section */
		C4E61880095A3C800012CA3F /* Debug */ = {
			isa = XCBuildConfiguration;
			buildSettings = {
				ENABLE_TESTABILITY = YES;
				GCC_INPUT_FILETYPE = sourcecode.cpp.objcpp;
				GCC_PREFIX_HEADER = "$(SYSTEM_LIBRARY_DIR)/Frameworks/Cocoa.framework/Headers/Cocoa.h";
				GCC_SYMBOLS_PRIVATE_EXTERN = YES;
				HEADER_SEARCH_PATHS = (
					../../../Headers,
					../../../Util,
					../../../Headers/SP,
					../../../Resources,
				);
				ONLY_ACTIVE_ARCH = YES;
				REZ_PREPROCESSOR_DEFINITIONS = __MACH__;
				SDKROOT = macosx;
				WRAPPER_EXTENSION = plugin;
			};
			name = Debug;
		};
		C4E618CF095A3CE90012CA3F /* Debug */ = {
			isa = XCBuildConfiguration;
			buildSettings = {
				CLANG_ENABLE_OBJC_ARC = YES;
				CODE_SIGN_IDENTITY = "Developer ID Application";
				CODE_SIGN_STYLE = Manual;
				COMBINE_HIDPI_IMAGES = YES;
				DEVELOPMENT_TEAM = 8J2F7A485D;
				GCC_MODEL_TUNING = G5;
				GCC_OPTIMIZATION_LEVEL = 3;
				GCC_WARN_ABOUT_DEPRECATED_FUNCTIONS = NO;
				GCC_WARN_UNKNOWN_PRAGMAS = YES;
				GENERATE_PKGINFO_FILE = YES;
				HEADER_SEARCH_PATHS = (
					../../Headers,
					../../Util,
					../../Headers/SP,
					../../Resources,
				);
				INFOPLIST_FILE = "MFR.plugin-Info.plist";
				INSTALL_PATH = "$(HOME)/Library/Bundles";
				MACOSX_DEPLOYMENT_TARGET = 11.0;
				PRODUCT_BUNDLE_IDENTIFIER = org.mizt.MFR;
				PRODUCT_NAME = MFR;
				PROVISIONING_PROFILE_SPECIFIER = "";
				SDKROOT = macosx;
				ZERO_LINK = NO;
			};
			name = Debug;
		};
/* End XCBuildConfiguration section */

/* Begin XCConfigurationList section */
		C4E6187F095A3C800012CA3F /* Build configuration list for PBXProject "MFR" */ = {
			isa = XCConfigurationList;
			buildConfigurations = (
				C4E61880095A3C800012CA3F /* Debug */,
			);
			defaultConfigurationIsVisible = 1;
			defaultConfigurationName = Debug;
		};
		C4E618CE095A3CE90012CA3F /* Build configuration list for PBXNativeTarget "MFR" */ = {
			isa = XCConfigurationList;
			buildConfigurations = (
				C4E618CF095A3CE90012CA3F /* Debug */,
			);
			defaultConfigurationIsVisible = 0;
			defaultConfigurationName = Debug;
		};
/* End XCConfigurationList section */
	};
	rootObject = C4E6187E095A3C800012CA3F /* Project object */;
}
